
Microsoft Visual Studio Solution File, Format Version 12.00
# Visual Studio 11
Project("{8BC9CEB8-8B4A-11D0-8D11-00A0C91BC942}") = "DealersDilemma", "DealersDilemma\DealersDilemma.vcxproj", "{B1BAA940-DEC6-D4C1-0E0B-0DF6DD1CF367}"
EndProject
Global
	GlobalSection(SolutionConfigurationPlatforms) = preSolution
		Debug|Win32 = Debug|Win32
		Release|Win32 = Release|Win32
	EndGlobalSection
	GlobalSection(ProjectConfigurationPlatforms) = postSolution
		{B1BAA940-DEC6-D4C1-0E0B-0DF6DD1CF367}.Debug|Win32.ActiveCfg = Debug|Win32
		{B1BAA940-DEC6-D4C1-0E0B-0DF6DD1CF367}.Debug|Win32.Build.0 = Debug|Win32
		{B1BAA940-DEC6-D4C1-0E0B-0DF6DD1CF367}.Release|Win32.ActiveCfg = Release|Win32
		{B1BAA940-DEC6-D4C1-0E0B-0DF6DD1CF367}.Release|Win32.Build.0 = Release|Win32
	EndGlobalSection
	GlobalSection(SolutionProperties) = preSolution
		HideSolutionNode = FALSE
	EndGlobalSection
EndGlobal
